
Microsoft Visual Studio Solution File, Format Version 12.00
# Visual Studio Version 16
VisualStudioVersion = 16.0.31005.135
MinimumVisualStudioVersion = 10.0.40219.1
Project("{FAE04EC0-301F-11D3-BF4B-00C04F79EFBC}") = "AplicatieTaxaAnualaAuto", "POO_L9_4\AplicatieTaxaAnualaAuto.csproj", "{51F8E863-08F6-4661-BC3C-F52DD99F4BE7}"
EndProject
Global
	GlobalSection(SolutionConfigurationPlatforms) = preSolution
		Debug|Any CPU = Debug|Any CPU
		Release|Any CPU = Release|Any CPU
	EndGlobalSection
	GlobalSection(ProjectConfigurationPlatforms) = postSolution
		{51F8E863-08F6-4661-BC3C-F52DD99F4BE7}.Debug|Any CPU.ActiveCfg = Debug|Any CPU
		{51F8E863-08F6-4661-BC3C-F52DD99F4BE7}.Debug|Any CPU.Build.0 = Debug|Any CPU
		{51F8E863-08F6-4661-BC3C-F52DD99F4BE7}.Release|Any CPU.ActiveCfg = Release|Any CPU
		{51F8E863-08F6-4661-BC3C-F52DD99F4BE7}.Release|Any CPU.Build.0 = Release|Any CPU
	EndGlobalSection
	GlobalSection(SolutionProperties) = preSolution
		HideSolutionNode = FALSE
	EndGlobalSection
	GlobalSection(ExtensibilityGlobals) = postSolution
		SolutionGuid = {E4AB4CCA-A783-473E-B069-763235F0FECA}
	EndGlobalSection
EndGlobal
